
Microsoft Visual Studio Solution File, Format Version 12.00
# Visual Studio 15
VisualStudioVersion = 15.0.27703.2026
MinimumVisualStudioVersion = 10.0.40219.1
Project("{9A19103F-16F7-4668-BE54-9A1E7A4F7556}") = "Hitlib", "Hitlib\Hitlib.csproj", "{B21D1826-3C56-4427-8224-43F8B08A64BC}"
EndProject
Global
	GlobalSection(SolutionConfigurationPlatforms) = preSolution
		Debug|Any CPU = Debug|Any CPU
		Release|Any CPU = Release|Any CPU
	EndGlobalSection
	GlobalSection(ProjectConfigurationPlatforms) = postSolution
		{B21D1826-3C56-4427-8224-43F8B08A64BC}.Debug|Any CPU.ActiveCfg = Debug|Any CPU
		{B21D1826-3C56-4427-8224-43F8B08A64BC}.Debug|Any CPU.Build.0 = Debug|Any CPU
		{B21D1826-3C56-4427-8224-43F8B08A64BC}.Release|Any CPU.ActiveCfg = Release|Any CPU
		{B21D1826-3C56-4427-8224-43F8B08A64BC}.Release|Any CPU.Build.0 = Release|Any CPU
	EndGlobalSection
	GlobalSection(SolutionProperties) = preSolution
		HideSolutionNode = FALSE
	EndGlobalSection
	GlobalSection(ExtensibilityGlobals) = postSolution
		SolutionGuid = {0F8C0CFD-B290-4D95-A484-E7E8A011694E}
	EndGlobalSection
EndGlobal
